
Microsoft Visual Studio Solution File, Format Version 12.00
# Visual Studio Version 17
VisualStudioVersion = 17.4.33110.190
MinimumVisualStudioVersion = 10.0.40219.1
Project("{9A19103F-16F7-4668-BE54-9A1E7A4F7556}") = "TestProjectForFluentCommandHandler", "TestProjectForFluentCommandHandler\TestProjectForFluentCommandHandler.csproj", "{B2F1D58D-B6A6-44E4-9623-709F4B97ABD1}"
	ProjectSection(ProjectDependencies) = postProject
		{2E921CD3-BB56-4E46-8C15-9F687844691A} = {2E921CD3-BB56-4E46-8C15-9F687844691A}
	EndProjectSection
EndProject
Project("{9A19103F-16F7-4668-BE54-9A1E7A4F7556}") = "Benchmark", "Benchmark\Benchmark.csproj", "{D10412DC-EEF1-4A97-A9E1-2E002238D72E}"
EndProject
Project("{9A19103F-16F7-4668-BE54-9A1E7A4F7556}") = "FluentCommandHandler", "FluentCommandHandler\FluentCommandHandler.csproj", "{2E921CD3-BB56-4E46-8C15-9F687844691A}"
EndProject
Global
	GlobalSection(SolutionConfigurationPlatforms) = preSolution
		Debug|Any CPU = Debug|Any CPU
		Release|Any CPU = Release|Any CPU
	EndGlobalSection
	GlobalSection(ProjectConfigurationPlatforms) = postSolution
		{B2F1D58D-B6A6-44E4-9623-709F4B97ABD1}.Debug|Any CPU.ActiveCfg = Debug|Any CPU
		{B2F1D58D-B6A6-44E4-9623-709F4B97ABD1}.Debug|Any CPU.Build.0 = Debug|Any CPU
		{B2F1D58D-B6A6-44E4-9623-709F4B97ABD1}.Release|Any CPU.ActiveCfg = Release|Any CPU
		{B2F1D58D-B6A6-44E4-9623-709F4B97ABD1}.Release|Any CPU.Build.0 = Release|Any CPU
		{D10412DC-EEF1-4A97-A9E1-2E002238D72E}.Debug|Any CPU.ActiveCfg = Debug|Any CPU
		{D10412DC-EEF1-4A97-A9E1-2E002238D72E}.Debug|Any CPU.Build.0 = Debug|Any CPU
		{D10412DC-EEF1-4A97-A9E1-2E002238D72E}.Release|Any CPU.ActiveCfg = Release|Any CPU
		{D10412DC-EEF1-4A97-A9E1-2E002238D72E}.Release|Any CPU.Build.0 = Release|Any CPU
		{2E921CD3-BB56-4E46-8C15-9F687844691A}.Debug|Any CPU.ActiveCfg = Debug|Any CPU
		{2E921CD3-BB56-4E46-8C15-9F687844691A}.Debug|Any CPU.Build.0 = Debug|Any CPU
		{2E921CD3-BB56-4E46-8C15-9F687844691A}.Release|Any CPU.ActiveCfg = Release|Any CPU
		{2E921CD3-BB56-4E46-8C15-9F687844691A}.Release|Any CPU.Build.0 = Release|Any CPU
	EndGlobalSection
	GlobalSection(SolutionProperties) = preSolution
		HideSolutionNode = FALSE
	EndGlobalSection
	GlobalSection(ExtensibilityGlobals) = postSolution
		SolutionGuid = {DB9866DE-371A-4250-9D9D-B7EF76C33C1E}
	EndGlobalSection
EndGlobal
